Microsoft Visual Studio Solution File, Format Version 12.00
# Visual Studio Version 17
VisualStudioVersion = 17.0.31903.59
MinimumVisualStudioVersion = 10.0.40219.1
Project("{FAE04EC0-301F-11D3-BF4B-00C04F79EFBC}") = "TabletopSimulator", "TabletopSimulator.csproj", "{DAD0BF0E-862E-4E4A-B284-A1DFB9809B25}"
EndProject
Global
	GlobalSection(SolutionConfigurationPlatforms) = preSolution
		Debug|Any CPU = Debug|Any CPU
		ExportDebug|Any CPU = ExportDebug|Any CPU
		ExportRelease|Any CPU = ExportRelease|Any CPU
	EndGlobalSection
	GlobalSection(ProjectConfigurationPlatforms) = postSolution
		{DAD0BF0E-862E-4E4A-B284-A1DFB9809B25}.Debug|Any CPU.ActiveCfg = Debug|Any CPU
		{DAD0BF0E-862E-4E4A-B284-A1DFB9809B25}.Debug|Any CPU.Build.0 = Debug|Any CPU
		{DAD0BF0E-862E-4E4A-B284-A1DFB9809B25}.ExportDebug|Any CPU.ActiveCfg = ExportDebug|Any CPU
		{DAD0BF0E-862E-4E4A-B284-A1DFB9809B25}.ExportDebug|Any CPU.Build.0 = ExportDebug|Any CPU
		{DAD0BF0E-862E-4E4A-B284-A1DFB9809B25}.ExportRelease|Any CPU.ActiveCfg = ExportRelease|Any CPU
		{DAD0BF0E-862E-4E4A-B284-A1DFB9809B25}.ExportRelease|Any CPU.Build.0 = ExportRelease|Any CPU
	EndGlobalSection
	GlobalSection(SolutionProperties) = preSolution
		HideSolutionNode = FALSE
	EndGlobalSection
EndGlobal
